// !$*UTF8*$!
{
	archiveVersion = 1;
	classes = {
	};
	objectVersion = 46;
	objects = {

/* Begin PBXBuildFile section */
		BD3DEF8C1DEB391A00B9E299 /* DevServerAddr.m in Sources */ = {isa = PBXBuildFile; fileRef = BD3DEF891DEB391A00B9E299 /* DevServerAddr.m */; };
		BD3DEF8D1DEB391A00B9E299 /* DevServerAddrViewController.m in Sources */ = {isa = PBXBuildFile; fileRef = BD3DEF8B1DEB391A00B9E299 /* DevServerAddrViewController.m */; };
/* End PBXBuildFile section */

/* Begin PBXCopyFilesBuildPhase section */
		BD3DEF441DEB355F00B9E299 /* CopyFiles */ = {
			isa = PBXCopyFilesBuildPhase;
			buildActionMask = 2147483647;
			dstPath = "include/$(PRODUCT_NAME)";
			dstSubfolderSpec = 16;
			files = (
			);
			runOnlyForDeploymentPostprocessing = 0;
		};
/* End PBXCopyFilesBuildPhase section */

/* Begin PBXFileReference section */
		BD3DEF461DEB355F00B9E299 /* libDebugServerHost.a */ = {isa = PBXFileReference; explicitFileType = archive.ar; includeInIndex = 0; path = libDebugServerHost.a; sourceTree = BUILT_PRODUCTS_DIR; };
		BD3DEF881DEB391A00B9E299 /* DevServerAddr.h */ = {isa = PBXFileReference; fileEncoding = 4; lastKnownFileType = sourcecode.c.h; path = DevServerAddr.h; sourceTree = "<group>"; };
		BD3DEF891DEB391A00B9E299 /* DevServerAddr.m */ = {isa = PBXFileReference; fileEncoding = 4; lastKnownFileType = sourcecode.c.objc; path = DevServerAddr.m; sourceTree = "<group>"; };
		BD3DEF8A1DEB391A00B9E299 /* DevServerAddrViewController.h */ = {isa = PBXFileReference; fileEncoding = 4; lastKnownFileType = sourcecode.c.h; path = DevServerAddrViewController.h; sourceTree = "<group>"; };
		BD3DEF8B1DEB391A00B9E299 /* DevServerAddrViewController.m */ = {isa = PBXFileReference; fileEncoding = 4; lastKnownFileType = sourcecode.c.objc; path = DevServerAddrViewController.m; sourceTree = "<group>"; };
/* End PBXFileReference section */

/* Begin PBXFrameworksBuildPhase section */
		BD3DEF431DEB355F00B9E299 /* Frameworks */ = {
			isa = PBXFrameworksBuildPhase;
			buildActionMask = 2147483647;
			files = (
			);
			runOnlyForDeploymentPostprocessing = 0;
		};
/* End PBXFrameworksBuildPhase section */

/* Begin PBXGroup section */
		BD3DEF3D1DEB355F00B9E299 = {
			isa = PBXGroup;
			children = (
				BD3DEF481DEB355F00B9E299 /* DebugServerHost */,
				BD3DEF471DEB355F00B9E299 /* Products */,
			);
			sourceTree = "<group>";
		};
		BD3DEF471DEB355F00B9E299 /* Products */ = {
			isa = PBXGroup;
			children = (
				BD3DEF461DEB355F00B9E299 /* libDebugServerHost.a */,
			);
			name = Products;
			sourceTree = "<group>";
		};
		BD3DEF481DEB355F00B9E299 /* DebugServerHost */ = {
			isa = PBXGroup;
			children = (
				BD3DEF881DEB391A00B9E299 /* DevServerAddr.h */,
				BD3DEF891DEB391A00B9E299 /* DevServerAddr.m */,
				BD3DEF8A1DEB391A00B9E299 /* DevServerAddrViewController.h */,
				BD3DEF8B1DEB391A00B9E299 /* DevServerAddrViewController.m */,
			);
			path = DebugServerHost;
			sourceTree = "<group>";
		};
/* End PBXGroup section */

/* Begin PBXNativeTarget section */
		BD3DEF451DEB355F00B9E299 /* DebugServerHost */ = {
			isa = PBXNativeTarget;
			buildConfigurationList = BD3DEF4F1DEB356000B9E299 /* Build configuration list for PBXNativeTarget "DebugServerHost" */;
			buildPhases = (
				BD3DEF421DEB355F00B9E299 /* Sources */,
				BD3DEF431DEB355F00B9E299 /* Frameworks */,
				BD3DEF441DEB355F00B9E299 /* CopyFiles */,
			);
			buildRules = (
			);
			dependencies = (
			);
			name = DebugServerHost;
			productName = DebugServerHost;
			productReference = BD3DEF461DEB355F00B9E299 /* libDebugServerHost.a */;
			productType = "com.apple.product-type.library.static";
		};
/* End PBXNativeTarget section */

/* Begin PBXProject section */
		BD3DEF3E1DEB355F00B9E299 /* Project object */ = {
			isa = PBXProject;
			attributes = {
				LastUpgradeCheck = 0810;
				ORGANIZATIONNAME = aqua;
				TargetAttributes = {
					BD3DEF451DEB355F00B9E299 = {
						CreatedOnToolsVersion = 8.1;
						ProvisioningStyle = Automatic;
					};
				};
			};
			buildConfigurationList = BD3DEF411DEB355F00B9E299 /* Build configuration list for PBXProject "DebugServerHost" */;
			compatibilityVersion = "Xcode 3.2";
			developmentRegion = English;
			hasScannedForEncodings = 0;
			knownRegions = (
				en,
			);
			mainGroup = BD3DEF3D1DEB355F00B9E299;
			productRefGroup = BD3DEF471DEB355F00B9E299 /* Products */;
			projectDirPath = "";
			projectRoot = "";
			targets = (
				BD3DEF451DEB355F00B9E299 /* DebugServerHost */,
			);
		};
/* End PBXProject section */

/* Begin PBXSourcesBuildPhase section */
		BD3DEF421DEB355F00B9E299 /* Sources */ = {
			isa = PBXSourcesBuildPhase;
			buildActionMask = 2147483647;
			files = (
				BD3DEF8D1DEB391A00B9E299 /* DevServerAddrViewController.m in Sources */,
				BD3DEF8C1DEB391A00B9E299 /* DevServerAddr.m in Sources */,
			);
			runOnlyForDeploymentPostprocessing = 0;
		};
/* End PBXSourcesBuildPhase section */

/* Begin XCBuildConfiguration section */
		BD3DEF4D1DEB356000B9E299 /* Debug */ = {
			isa = XCBuildConfiguration;
			buildSettings = {
				ALWAYS_SEARCH_USER_PATHS = NO;
				CLANG_ANALYZER_NONNULL = YES;
				CLANG_CXX_LANGUAGE_STANDARD = "gnu++0x";
				CLANG_CXX_LIBRARY = "libc++";
				CLANG_ENABLE_MODULES = YES;
				CLANG_ENABLE_OBJC_ARC = YES;
				CLANG_WARN_BOOL_CONVERSION = YES;
				CLANG_WARN_CONSTANT_CONVERSION = YES;
				CLANG_WARN_DIRECT_OBJC_ISA_USAGE = YES_ERROR;
				CLANG_WARN_DOCUMENTATION_COMMENTS = YES;
				CLANG_WARN_EMPTY_BODY = YES;
				CLANG_WARN_ENUM_CONVERSION = YES;
				CLANG_WARN_INFINITE_RECURSION = YES;
				CLANG_WARN_INT_CONVERSION = YES;
				CLANG_WARN_OBJC_ROOT_CLASS = YES_ERROR;
				CLANG_WARN_SUSPICIOUS_MOVES = YES;
				CLANG_WARN_UNREACHABLE_CODE = YES;
				CLANG_WARN__DUPLICATE_METHOD_MATCH = YES;
				"CODE_SIGN_IDENTITY[sdk=iphoneos*]" = "iPhone Developer";
				COPY_PHASE_STRIP = NO;
				DEBUG_INFORMATION_FORMAT = dwarf;
				ENABLE_STRICT_OBJC_MSGSEND = YES;
				ENABLE_TESTABILITY = YES;
				GCC_C_LANGUAGE_STANDARD = gnu99;
				GCC_DYNAMIC_NO_PIC = NO;
				GCC_NO_COMMON_BLOCKS = YES;
				GCC_OPTIMIZATION_LEVEL = 0;
				GCC_PREPROCESSOR_DEFINITIONS = (
					"DEBUG=1",
					"$(inherited)",
				);
				GCC_WARN_64_TO_32_BIT_CONVERSION = YES;
				GCC_WARN_ABOUT_RETURN_TYPE = YES_ERROR;
				GCC_WARN_UNDECLARED_SELECTOR = YES;
				GCC_WARN_UNINITIALIZED_AUTOS = YES_AGGRESSIVE;
				GCC_WARN_UNUSED_FUNCTION = YES;
				GCC_WARN_UNUSED_VARIABLE = YES;
				IPHONEOS_DEPLOYMENT_TARGET = 10.1;
				MTL_ENABLE_DEBUG_INFO = YES;
				ONLY_ACTIVE_ARCH = YES;
				SDKROOT = iphoneos;
			};
			name = Debug;
		};
		BD3DEF4E1DEB356000B9E299 /* Release */ = {
			isa = XCBuildConfiguration;
			buildSettings = {
				ALWAYS_SEARCH_USER_PATHS = NO;
				CLANG_ANALYZER_NONNULL = YES;
				CLANG_CXX_LANGUAGE_STANDARD = "gnu++0x";
				CLANG_CXX_LIBRARY = "libc++";
				CLANG_ENABLE_MODULES = YES;
				CLANG_ENABLE_OBJC_ARC = YES;
				CLANG_WARN_BOOL_CONVERSION = YES;
				CLANG_WARN_CONSTANT_CONVERSION = YES;
				CLANG_WARN_DIRECT_OBJC_ISA_USAGE = YES_ERROR;
				CLANG_WARN_DOCUMENTATION_COMMENTS = YES;
				CLANG_WARN_EMPTY_BODY = YES;
				CLANG_WARN_ENUM_CONVERSION = YES;
				CLANG_WARN_INFINITE_RECURSION = YES;
				CLANG_WARN_INT_CONVERSION = YES;
				CLANG_WARN_OBJC_ROOT_CLASS = YES_ERROR;
				CLANG_WARN_SUSPICIOUS_MOVES = YES;
				CLANG_WARN_UNREACHABLE_CODE = YES;
				CLANG_WARN__DUPLICATE_METHOD_MATCH = YES;
				"CODE_SIGN_IDENTITY[sdk=iphoneos*]" = "iPhone Developer";
				COPY_PHASE_STRIP = NO;
				DEBUG_INFORMATION_FORMAT = "dwarf-with-dsym";
				ENABLE_NS_ASSERTIONS = NO;
				ENABLE_STRICT_OBJC_MSGSEND = YES;
				GCC_C_LANGUAGE_STANDARD = gnu99;
				GCC_NO_COMMON_BLOCKS = YES;
				GCC_WARN_64_TO_32_BIT_CONVERSION = YES;
				GCC_WARN_ABOUT_RETURN_TYPE = YES_ERROR;
				GCC_WARN_UNDECLARED_SELECTOR = YES;
				GCC_WARN_UNINITIALIZED_AUTOS = YES_AGGRESSIVE;
				GCC_WARN_UNUSED_FUNCTION = YES;
				GCC_WARN_UNUSED_VARIABLE = YES;
				IPHONEOS_DEPLOYMENT_TARGET = 10.1;
				MTL_ENABLE_DEBUG_INFO = NO;
				SDKROOT = iphoneos;
				VALIDATE_PRODUCT = YES;
			};
			name = Release;
		};
		BD3DEF501DEB356000B9E299 /* Debug */ = {
			isa = XCBuildConfiguration;
			buildSettings = {
				OTHER_LDFLAGS = "-ObjC";
				PRODUCT_NAME = "$(TARGET_NAME)";
				SKIP_INSTALL = YES;
				USER_HEADER_SEARCH_PATHS = "$(SRCROOT)/../../react-native/React/**";
			};
			name = Debug;
		};
		BD3DEF511DEB356000B9E299 /* Release */ = {
			isa = XCBuildConfiguration;
			buildSettings = {
				OTHER_LDFLAGS = "-ObjC";
				PRODUCT_NAME = "$(TARGET_NAME)";
				SKIP_INSTALL = YES;
				USER_HEADER_SEARCH_PATHS = "$(SRCROOT)/../../react-native/React/**";
			};
			name = Release;
		};
/* End XCBuildConfiguration section */

/* Begin XCConfigurationList section */
		BD3DEF411DEB355F00B9E299 /* Build configuration list for PBXProject "DebugServerHost" */ = {
			isa = XCConfigurationList;
			buildConfigurations = (
				BD3DEF4D1DEB356000B9E299 /* Debug */,
				BD3DEF4E1DEB356000B9E299 /* Release */,
			);
			defaultConfigurationIsVisible = 0;
			defaultConfigurationName = Release;
		};
		BD3DEF4F1DEB356000B9E299 /* Build configuration list for PBXNativeTarget "DebugServerHost" */ = {
			isa = XCConfigurationList;
			buildConfigurations = (
				BD3DEF501DEB356000B9E299 /* Debug */,
				BD3DEF511DEB356000B9E299 /* Release */,
			);
			defaultConfigurationIsVisible = 0;
			defaultConfigurationName = Release;
		};
/* End XCConfigurationList section */
	};
	rootObject = BD3DEF3E1DEB355F00B9E299 /* Project object */;
}
